// !$*UTF8*$!
{
	archiveVersion = 1;
	classes = {
	};
	objectVersion = 46;
	objects = {

/* Begin PBXBuildFile section */
		476654E818FB02E700D994B1 /* Foundation.framework in Frameworks */ = {isa = PBXBuildFile; fileRef = 476654E718FB02E700D994B1 /* Foundation.framework */; };
		476654EA18FB02E700D994B1 /* CoreGraphics.framework in Frameworks */ = {isa = PBXBuildFile; fileRef = 476654E918FB02E700D994B1 /* CoreGraphics.framework */; };
		476654EC18FB02E700D994B1 /* UIKit.framework in Frameworks */ = {isa = PBXBuildFile; fileRef = 476654EB18FB02E700D994B1 /* UIKit.framework */; };
		476654F218FB02E700D994B1 /* InfoPlist.strings in Resources */ = {isa = PBXBuildFile; fileRef = 476654F018FB02E700D994B1 /* InfoPlist.strings */; };
		476654F418FB02E700D994B1 /* main.m in Sources */ = {isa = PBXBuildFile; fileRef = 476654F318FB02E700D994B1 /* main.m */; };
		476654F818FB02E700D994B1 /* CCAppDelegate.m in Sources */ = {isa = PBXBuildFile; fileRef = 476654F718FB02E700D994B1 /* CCAppDelegate.m */; };
		476654FB18FB02E700D994B1 /* Main.storyboard in Resources */ = {isa = PBXBuildFile; fileRef = 476654F918FB02E700D994B1 /* Main.storyboard */; };
		476654FE18FB02E700D994B1 /* CCOncallViewController.m in Sources */ = {isa = PBXBuildFile; fileRef = 476654FD18FB02E700D994B1 /* CCOncallViewController.m */; };
		4766550018FB02E700D994B1 /* Images.xcassets in Resources */ = {isa = PBXBuildFile; fileRef = 476654FF18FB02E700D994B1 /* Images.xcassets */; };
		4766550718FB02E700D994B1 /* XCTest.framework in Frameworks */ = {isa = PBXBuildFile; fileRef = 4766550618FB02E700D994B1 /* XCTest.framework */; };
		4766550818FB02E700D994B1 /* Foundation.framework in Frameworks */ = {isa = PBXBuildFile; fileRef = 476654E718FB02E700D994B1 /* Foundation.framework */; };
		4766550918FB02E700D994B1 /* UIKit.framework in Frameworks */ = {isa = PBXBuildFile; fileRef = 476654EB18FB02E700D994B1 /* UIKit.framework */; };
		4766551118FB02E700D994B1 /* InfoPlist.strings in Resources */ = {isa = PBXBuildFile; fileRef = 4766550F18FB02E700D994B1 /* InfoPlist.strings */; };
		4766551318FB02E700D994B1 /* CrossCoverv2Tests.m in Sources */ = {isa = PBXBuildFile; fileRef = 4766551218FB02E700D994B1 /* CrossCoverv2Tests.m */; };
		4766552318FB321000D994B1 /* CCAlertDetailsViewController.m in Sources */ = {isa = PBXBuildFile; fileRef = 4766552218FB321000D994B1 /* CCAlertDetailsViewController.m */; };
		47A9E71F191067E100348E41 /* Firebase.framework in Frameworks */ = {isa = PBXBuildFile; fileRef = 47A9E71E191067E100348E41 /* Firebase.framework */; };
		47A9E7211910682C00348E41 /* libicucore.dylib in Frameworks */ = {isa = PBXBuildFile; fileRef = 47A9E7201910682C00348E41 /* libicucore.dylib */; };
		47A9E7231910683A00348E41 /* libc++.dylib in Frameworks */ = {isa = PBXBuildFile; fileRef = 47A9E7221910683A00348E41 /* libc++.dylib */; };
		47A9E7251910684600348E41 /* CFNetwork.framework in Frameworks */ = {isa = PBXBuildFile; fileRef = 47A9E7241910684600348E41 /* CFNetwork.framework */; };
		47A9E7271910685200348E41 /* Security.framework in Frameworks */ = {isa = PBXBuildFile; fileRef = 47A9E7261910685200348E41 /* Security.framework */; };
		47A9E7291910686000348E41 /* SystemConfiguration.framework in Frameworks */ = {isa = PBXBuildFile; fileRef = 47A9E7281910686000348E41 /* SystemConfiguration.framework */; };
		47EC8114191C05B300E74CFA /* FirebaseSimpleLogin.framework in Frameworks */ = {isa = PBXBuildFile; fileRef = 47EC8113191C05B300E74CFA /* FirebaseSimpleLogin.framework */; };
		47EC8116191C05F000E74CFA /* Accounts.framework in Frameworks */ = {isa = PBXBuildFile; fileRef = 47EC8115191C05F000E74CFA /* Accounts.framework */; };
		47EC8118191C05F800E74CFA /* Social.framework in Frameworks */ = {isa = PBXBuildFile; fileRef = 47EC8117191C05F800E74CFA /* Social.framework */; };
		47EC811B191C066200E74CFA /* CCLoginViewController.m in Sources */ = {isa = PBXBuildFile; fileRef = 47EC811A191C066200E74CFA /* CCLoginViewController.m */; };
		7140221D1924260700685482 /* CCSettings.m in Sources */ = {isa = PBXBuildFile; fileRef = 7140221C1924260700685482 /* CCSettings.m */; };
		7140221E1924260700685482 /* CCSettings.m in Sources */ = {isa = PBXBuildFile; fileRef = 7140221C1924260700685482 /* CCSettings.m */; };
		714176511939D5280060CEE3 /* CCUtils.m in Sources */ = {isa = PBXBuildFile; fileRef = 714176501939D5280060CEE3 /* CCUtils.m */; };
		714176521939D5280060CEE3 /* CCUtils.m in Sources */ = {isa = PBXBuildFile; fileRef = 714176501939D5280060CEE3 /* CCUtils.m */; };
		71AD70F8193078880058A928 /* CCProvider.m in Sources */ = {isa = PBXBuildFile; fileRef = 71AD70F7193078880058A928 /* CCProvider.m */; };
		71AD70F9193078880058A928 /* CCProvider.m in Sources */ = {isa = PBXBuildFile; fileRef = 71AD70F7193078880058A928 /* CCProvider.m */; };
		71E96B09192B2BFE00DBA9E0 /* CCAlertDetailsTableCells.m in Sources */ = {isa = PBXBuildFile; fileRef = 71E96B08192B2BFE00DBA9E0 /* CCAlertDetailsTableCells.m */; };
		71E96B0A192B2BFE00DBA9E0 /* CCAlertDetailsTableCells.m in Sources */ = {isa = PBXBuildFile; fileRef = 71E96B08192B2BFE00DBA9E0 /* CCAlertDetailsTableCells.m */; };
		71EA925219369F7700E6DFBA /* CCAlertTableCells.m in Sources */ = {isa = PBXBuildFile; fileRef = 71EA925119369F7700E6DFBA /* CCAlertTableCells.m */; };
		71EA925319369F7700E6DFBA /* CCAlertTableCells.m in Sources */ = {isa = PBXBuildFile; fileRef = 71EA925119369F7700E6DFBA /* CCAlertTableCells.m */; };
		71F753531939B92800D3EF19 /* CCAlert.m in Sources */ = {isa = PBXBuildFile; fileRef = 71F753521939B92800D3EF19 /* CCAlert.m */; };
		71F753541939B92800D3EF19 /* CCAlert.m in Sources */ = {isa = PBXBuildFile; fileRef = 71F753521939B92800D3EF19 /* CCAlert.m */; };
/* End PBXBuildFile section */

/* Begin PBXContainerItemProxy section */
		4766550A18FB02E700D994B1 /* PBXContainerItemProxy */ = {
			isa = PBXContainerItemProxy;
			containerPortal = 476654DC18FB02E700D994B1 /* Project object */;
			proxyType = 1;
			remoteGlobalIDString = 476654E318FB02E700D994B1;
			remoteInfo = CrossCoverv2;
		};
/* End PBXContainerItemProxy section */

/* Begin PBXFileReference section */
		476654E418FB02E700D994B1 /* PageMD.app */ = {isa = PBXFileReference; explicitFileType = wrapper.application; includeInIndex = 0; path = PageMD.app; sourceTree = BUILT_PRODUCTS_DIR; };
		476654E718FB02E700D994B1 /* Foundation.framework */ = {isa = PBXFileReference; lastKnownFileType = wrapper.framework; name = Foundation.framework; path = System/Library/Frameworks/Foundation.framework; sourceTree = SDKROOT; };
		476654E918FB02E700D994B1 /* CoreGraphics.framework */ = {isa = PBXFileReference; lastKnownFileType = wrapper.framework; name = CoreGraphics.framework; path = System/Library/Frameworks/CoreGraphics.framework; sourceTree = SDKROOT; };
		476654EB18FB02E700D994B1 /* UIKit.framework */ = {isa = PBXFileReference; lastKnownFileType = wrapper.framework; name = UIKit.framework; path = System/Library/Frameworks/UIKit.framework; sourceTree = SDKROOT; };
		476654EF18FB02E700D994B1 /* PageMD-Info.plist */ = {isa = PBXFileReference; lastKnownFileType = text.plist.xml; path = "PageMD-Info.plist"; sourceTree = "<group>"; };
		476654F118FB02E700D994B1 /* en */ = {isa = PBXFileReference; lastKnownFileType = text.plist.strings; name = en; path = en.lproj/InfoPlist.strings; sourceTree = "<group>"; };
		476654F318FB02E700D994B1 /* main.m */ = {isa = PBXFileReference; lastKnownFileType = sourcecode.c.objc; path = main.m; sourceTree = "<group>"; };
		476654F618FB02E700D994B1 /* CCAppDelegate.h */ = {isa = PBXFileReference; lastKnownFileType = sourcecode.c.h; path = CCAppDelegate.h; sourceTree = "<group>"; };
		476654F718FB02E700D994B1 /* CCAppDelegate.m */ = {isa = PBXFileReference; lastKnownFileType = sourcecode.c.objc; path = CCAppDelegate.m; sourceTree = "<group>"; };
		476654FA18FB02E700D994B1 /* Base */ = {isa = PBXFileReference; lastKnownFileType = file.storyboard; name = Base; path = Base.lproj/Main.storyboard; sourceTree = "<group>"; };
		476654FC18FB02E700D994B1 /* CCOncallViewController.h */ = {isa = PBXFileReference; lastKnownFileType = sourcecode.c.h; path = CCOncallViewController.h; sourceTree = "<group>"; };
		476654FD18FB02E700D994B1 /* CCOncallViewController.m */ = {isa = PBXFileReference; lastKnownFileType = sourcecode.c.objc; path = CCOncallViewController.m; sourceTree = "<group>"; };
		476654FF18FB02E700D994B1 /* Images.xcassets */ = {isa = PBXFileReference; lastKnownFileType = folder.assetcatalog; path = Images.xcassets; sourceTree = "<group>"; };
		4766550518FB02E700D994B1 /* PageMDTests.xctest */ = {isa = PBXFileReference; explicitFileType = wrapper.cfbundle; includeInIndex = 0; path = PageMDTests.xctest; sourceTree = BUILT_PRODUCTS_DIR; };
		4766550618FB02E700D994B1 /* XCTest.framework */ = {isa = PBXFileReference; lastKnownFileType = wrapper.framework; name = XCTest.framework; path = Library/Frameworks/XCTest.framework; sourceTree = DEVELOPER_DIR; };
		4766550E18FB02E700D994B1 /* PageMDTests-Info.plist */ = {isa = PBXFileReference; lastKnownFileType = text.plist.xml; path = "PageMDTests-Info.plist"; sourceTree = "<group>"; };
		4766551018FB02E700D994B1 /* en */ = {isa = PBXFileReference; lastKnownFileType = text.plist.strings; name = en; path = en.lproj/InfoPlist.strings; sourceTree = "<group>"; };
		4766551218FB02E700D994B1 /* CrossCoverv2Tests.m */ = {isa = PBXFileReference; lastKnownFileType = sourcecode.c.objc; path = CrossCoverv2Tests.m; sourceTree = "<group>"; };
		4766552118FB321000D994B1 /* CCAlertDetailsViewController.h */ = {isa = PBXFileReference; fileEncoding = 4; lastKnownFileType = sourcecode.c.h; path = CCAlertDetailsViewController.h; sourceTree = "<group>"; };
		4766552218FB321000D994B1 /* CCAlertDetailsViewController.m */ = {isa = PBXFileReference; fileEncoding = 4; lastKnownFileType = sourcecode.c.objc; path = CCAlertDetailsViewController.m; sourceTree = "<group>"; };
		47A9E71E191067E100348E41 /* Firebase.framework */ = {isa = PBXFileReference; lastKnownFileType = wrapper.framework; path = Firebase.framework; sourceTree = "<group>"; };
		47A9E7201910682C00348E41 /* libicucore.dylib */ = {isa = PBXFileReference; lastKnownFileType = "compiled.mach-o.dylib"; name = libicucore.dylib; path = usr/lib/libicucore.dylib; sourceTree = SDKROOT; };
		47A9E7221910683A00348E41 /* libc++.dylib */ = {isa = PBXFileReference; lastKnownFileType = "compiled.mach-o.dylib"; name = "libc++.dylib"; path = "usr/lib/libc++.dylib"; sourceTree = SDKROOT; };
		47A9E7241910684600348E41 /* CFNetwork.framework */ = {isa = PBXFileReference; lastKnownFileType = wrapper.framework; name = CFNetwork.framework; path = System/Library/Frameworks/CFNetwork.framework; sourceTree = SDKROOT; };
		47A9E7261910685200348E41 /* Security.framework */ = {isa = PBXFileReference; lastKnownFileType = wrapper.framework; name = Security.framework; path = System/Library/Frameworks/Security.framework; sourceTree = SDKROOT; };
		47A9E7281910686000348E41 /* SystemConfiguration.framework */ = {isa = PBXFileReference; lastKnownFileType = wrapper.framework; name = SystemConfiguration.framework; path = System/Library/Frameworks/SystemConfiguration.framework; sourceTree = SDKROOT; };
		47EC8113191C05B300E74CFA /* FirebaseSimpleLogin.framework */ = {isa = PBXFileReference; lastKnownFileType = wrapper.framework; path = FirebaseSimpleLogin.framework; sourceTree = "<group>"; };
		47EC8115191C05F000E74CFA /* Accounts.framework */ = {isa = PBXFileReference; lastKnownFileType = wrapper.framework; name = Accounts.framework; path = System/Library/Frameworks/Accounts.framework; sourceTree = SDKROOT; };
		47EC8117191C05F800E74CFA /* Social.framework */ = {isa = PBXFileReference; lastKnownFileType = wrapper.framework; name = Social.framework; path = System/Library/Frameworks/Social.framework; sourceTree = SDKROOT; };
		47EC8119191C066200E74CFA /* CCLoginViewController.h */ = {isa = PBXFileReference; fileEncoding = 4; lastKnownFileType = sourcecode.c.h; path = CCLoginViewController.h; sourceTree = "<group>"; };
		47EC811A191C066200E74CFA /* CCLoginViewController.m */ = {isa = PBXFileReference; fileEncoding = 4; lastKnownFileType = sourcecode.c.objc; path = CCLoginViewController.m; sourceTree = "<group>"; };
		7140221B1924260700685482 /* CCSettings.h */ = {isa = PBXFileReference; fileEncoding = 4; lastKnownFileType = sourcecode.c.h; path = CCSettings.h; sourceTree = "<group>"; };
		7140221C1924260700685482 /* CCSettings.m */ = {isa = PBXFileReference; fileEncoding = 4; lastKnownFileType = sourcecode.c.objc; path = CCSettings.m; sourceTree = "<group>"; };
		7141764F1939D5280060CEE3 /* CCUtils.h */ = {isa = PBXFileReference; fileEncoding = 4; lastKnownFileType = sourcecode.c.h; path = CCUtils.h; sourceTree = "<group>"; };
		714176501939D5280060CEE3 /* CCUtils.m */ = {isa = PBXFileReference; fileEncoding = 4; lastKnownFileType = sourcecode.c.objc; path = CCUtils.m; sourceTree = "<group>"; };
		71AD70F6193078880058A928 /* CCProvider.h */ = {isa = PBXFileReference; fileEncoding = 4; lastKnownFileType = sourcecode.c.h; path = CCProvider.h; sourceTree = "<group>"; };
		71AD70F7193078880058A928 /* CCProvider.m */ = {isa = PBXFileReference; fileEncoding = 4; lastKnownFileType = sourcecode.c.objc; path = CCProvider.m; sourceTree = "<group>"; };
		71E96B07192B2BC800DBA9E0 /* CCAlertDetailsTableCells.h */ = {isa = PBXFileReference; fileEncoding = 4; lastKnownFileType = sourcecode.c.h; path = CCAlertDetailsTableCells.h; sourceTree = "<group>"; };
		71E96B08192B2BFE00DBA9E0 /* CCAlertDetailsTableCells.m */ = {isa = PBXFileReference; fileEncoding = 4; lastKnownFileType = sourcecode.c.objc; path = CCAlertDetailsTableCells.m; sourceTree = "<group>"; };
		71EA925019369F7700E6DFBA /* CCAlertTableCells.h */ = {isa = PBXFileReference; fileEncoding = 4; lastKnownFileType = sourcecode.c.h; path = CCAlertTableCells.h; sourceTree = "<group>"; };
		71EA925119369F7700E6DFBA /* CCAlertTableCells.m */ = {isa = PBXFileReference; fileEncoding = 4; lastKnownFileType = sourcecode.c.objc; path = CCAlertTableCells.m; sourceTree = "<group>"; };
		71F753511939B92800D3EF19 /* CCAlert.h */ = {isa = PBXFileReference; fileEncoding = 4; lastKnownFileType = sourcecode.c.h; path = CCAlert.h; sourceTree = "<group>"; };
		71F753521939B92800D3EF19 /* CCAlert.m */ = {isa = PBXFileReference; fileEncoding = 4; lastKnownFileType = sourcecode.c.objc; path = CCAlert.m; sourceTree = "<group>"; };
/* End PBXFileReference section */

/* Begin PBXFrameworksBuildPhase section */
		476654E118FB02E700D994B1 /* Frameworks */ = {
			isa = PBXFrameworksBuildPhase;
			buildActionMask = 2147483647;
			files = (
				47EC8118191C05F800E74CFA /* Social.framework in Frameworks */,
				47EC8116191C05F000E74CFA /* Accounts.framework in Frameworks */,
				47A9E7291910686000348E41 /* SystemConfiguration.framework in Frameworks */,
				47A9E7271910685200348E41 /* Security.framework in Frameworks */,
				47A9E7251910684600348E41 /* CFNetwork.framework in Frameworks */,
				47A9E7231910683A00348E41 /* libc++.dylib in Frameworks */,
				47A9E7211910682C00348E41 /* libicucore.dylib in Frameworks */,
				476654EA18FB02E700D994B1 /* CoreGraphics.framework in Frameworks */,
				476654EC18FB02E700D994B1 /* UIKit.framework in Frameworks */,
				476654E818FB02E700D994B1 /* Foundation.framework in Frameworks */,
				47A9E71F191067E100348E41 /* Firebase.framework in Frameworks */,
				47EC8114191C05B300E74CFA /* FirebaseSimpleLogin.framework in Frameworks */,
			);
			runOnlyForDeploymentPostprocessing = 0;
		};
		4766550218FB02E700D994B1 /* Frameworks */ = {
			isa = PBXFrameworksBuildPhase;
			buildActionMask = 2147483647;
			files = (
				4766550718FB02E700D994B1 /* XCTest.framework in Frameworks */,
				4766550918FB02E700D994B1 /* UIKit.framework in Frameworks */,
				4766550818FB02E700D994B1 /* Foundation.framework in Frameworks */,
			);
			runOnlyForDeploymentPostprocessing = 0;
		};
/* End PBXFrameworksBuildPhase section */

/* Begin PBXGroup section */
		476654DB18FB02E700D994B1 = {
			isa = PBXGroup;
			children = (
				476654ED18FB02E700D994B1 /* CrossCoverv2 */,
				4766550C18FB02E700D994B1 /* CrossCoverv2Tests */,
				476654E618FB02E700D994B1 /* Frameworks */,
				476654E518FB02E700D994B1 /* Products */,
			);
			sourceTree = "<group>";
		};
		476654E518FB02E700D994B1 /* Products */ = {
			isa = PBXGroup;
			children = (
				476654E418FB02E700D994B1 /* PageMD.app */,
				4766550518FB02E700D994B1 /* PageMDTests.xctest */,
			);
			name = Products;
			sourceTree = "<group>";
		};
		476654E618FB02E700D994B1 /* Frameworks */ = {
			isa = PBXGroup;
			children = (
				47EC8117191C05F800E74CFA /* Social.framework */,
				47EC8115191C05F000E74CFA /* Accounts.framework */,
				47EC8113191C05B300E74CFA /* FirebaseSimpleLogin.framework */,
				47A9E7281910686000348E41 /* SystemConfiguration.framework */,
				47A9E7261910685200348E41 /* Security.framework */,
				47A9E7241910684600348E41 /* CFNetwork.framework */,
				47A9E7221910683A00348E41 /* libc++.dylib */,
				47A9E7201910682C00348E41 /* libicucore.dylib */,
				47A9E71E191067E100348E41 /* Firebase.framework */,
				476654E718FB02E700D994B1 /* Foundation.framework */,
				476654E918FB02E700D994B1 /* CoreGraphics.framework */,
				476654EB18FB02E700D994B1 /* UIKit.framework */,
				4766550618FB02E700D994B1 /* XCTest.framework */,
			);
			name = Frameworks;
			sourceTree = "<group>";
		};
		476654ED18FB02E700D994B1 /* CrossCoverv2 */ = {
			isa = PBXGroup;
			children = (
				476654F918FB02E700D994B1 /* Main.storyboard */,
				71F753511939B92800D3EF19 /* CCAlert.h */,
				71F753521939B92800D3EF19 /* CCAlert.m */,
				4766552118FB321000D994B1 /* CCAlertDetailsViewController.h */,
				4766552218FB321000D994B1 /* CCAlertDetailsViewController.m */,
				476654F618FB02E700D994B1 /* CCAppDelegate.h */,
				476654F718FB02E700D994B1 /* CCAppDelegate.m */,
				47EC8119191C066200E74CFA /* CCLoginViewController.h */,
				47EC811A191C066200E74CFA /* CCLoginViewController.m */,
				7140221B1924260700685482 /* CCSettings.h */,
				7140221C1924260700685482 /* CCSettings.m */,
				476654FC18FB02E700D994B1 /* CCOncallViewController.h */,
				476654FD18FB02E700D994B1 /* CCOncallViewController.m */,
				71E96B07192B2BC800DBA9E0 /* CCAlertDetailsTableCells.h */,
				71E96B08192B2BFE00DBA9E0 /* CCAlertDetailsTableCells.m */,
				71EA925019369F7700E6DFBA /* CCAlertTableCells.h */,
				71EA925119369F7700E6DFBA /* CCAlertTableCells.m */,
				71AD70F6193078880058A928 /* CCProvider.h */,
				71AD70F7193078880058A928 /* CCProvider.m */,
				7141764F1939D5280060CEE3 /* CCUtils.h */,
				714176501939D5280060CEE3 /* CCUtils.m */,
				476654FF18FB02E700D994B1 /* Images.xcassets */,
				476654EE18FB02E700D994B1 /* Supporting Files */,
			);
			path = CrossCoverv2;
			sourceTree = "<group>";
		};
		476654EE18FB02E700D994B1 /* Supporting Files */ = {
			isa = PBXGroup;
			children = (
				476654EF18FB02E700D994B1 /* PageMD-Info.plist */,
				476654F018FB02E700D994B1 /* InfoPlist.strings */,
				476654F318FB02E700D994B1 /* main.m */,
			);
			name = "Supporting Files";
			sourceTree = "<group>";
		};
		4766550C18FB02E700D994B1 /* CrossCoverv2Tests */ = {
			isa = PBXGroup;
			children = (
				4766551218FB02E700D994B1 /* CrossCoverv2Tests.m */,
				4766550D18FB02E700D994B1 /* Supporting Files */,
			);
			path = CrossCoverv2Tests;
			sourceTree = "<group>";
		};
		4766550D18FB02E700D994B1 /* Supporting Files */ = {
			isa = PBXGroup;
			children = (
				4766550E18FB02E700D994B1 /* PageMDTests-Info.plist */,
				4766550F18FB02E700D994B1 /* InfoPlist.strings */,
			);
			name = "Supporting Files";
			sourceTree = "<group>";
		};
/* End PBXGroup section */

/* Begin PBXNativeTarget section */
		476654E318FB02E700D994B1 /* PageMD */ = {
			isa = PBXNativeTarget;
			buildConfigurationList = 4766551618FB02E700D994B1 /* Build configuration list for PBXNativeTarget "PageMD" */;
			buildPhases = (
				476654E018FB02E700D994B1 /* Sources */,
				476654E118FB02E700D994B1 /* Frameworks */,
				476654E218FB02E700D994B1 /* Resources */,
			);
			buildRules = (
			);
			dependencies = (
			);
			name = PageMD;
			productName = CrossCoverv2;
			productReference = 476654E418FB02E700D994B1 /* PageMD.app */;
			productType = "com.apple.product-type.application";
		};
		4766550418FB02E700D994B1 /* PageMDTests */ = {
			isa = PBXNativeTarget;
			buildConfigurationList = 4766551918FB02E700D994B1 /* Build configuration list for PBXNativeTarget "PageMDTests" */;
			buildPhases = (
				4766550118FB02E700D994B1 /* Sources */,
				4766550218FB02E700D994B1 /* Frameworks */,
				4766550318FB02E700D994B1 /* Resources */,
			);
			buildRules = (
			);
			dependencies = (
				4766550B18FB02E700D994B1 /* PBXTargetDependency */,
			);
			name = PageMDTests;
			productName = CrossCoverv2Tests;
			productReference = 4766550518FB02E700D994B1 /* PageMDTests.xctest */;
			productType = "com.apple.product-type.bundle.unit-test";
		};
/* End PBXNativeTarget section */

/* Begin PBXProject section */
		476654DC18FB02E700D994B1 /* Project object */ = {
			isa = PBXProject;
			attributes = {
				CLASSPREFIX = CC;
				LastUpgradeCheck = 0510;
				ORGANIZATIONNAME = Tebora;
				TargetAttributes = {
					476654E318FB02E700D994B1 = {
						DevelopmentTeam = D4TF35K8BN;
					};
					4766550418FB02E700D994B1 = {
						TestTargetID = 476654E318FB02E700D994B1;
					};
				};
			};
			buildConfigurationList = 476654DF18FB02E700D994B1 /* Build configuration list for PBXProject "PageMD" */;
			compatibilityVersion = "Xcode 3.2";
			developmentRegion = English;
			hasScannedForEncodings = 0;
			knownRegions = (
				en,
				Base,
			);
			mainGroup = 476654DB18FB02E700D994B1;
			productRefGroup = 476654E518FB02E700D994B1 /* Products */;
			projectDirPath = "";
			projectRoot = "";
			targets = (
				476654E318FB02E700D994B1 /* PageMD */,
				4766550418FB02E700D994B1 /* PageMDTests */,
			);
		};
/* End PBXProject section */

/* Begin PBXResourcesBuildPhase section */
		476654E218FB02E700D994B1 /* Resources */ = {
			isa = PBXResourcesBuildPhase;
			buildActionMask = 2147483647;
			files = (
				4766550018FB02E700D994B1 /* Images.xcassets in Resources */,
				476654F218FB02E700D994B1 /* InfoPlist.strings in Resources */,
				476654FB18FB02E700D994B1 /* Main.storyboard in Resources */,
			);
			runOnlyForDeploymentPostprocessing = 0;
		};
		4766550318FB02E700D994B1 /* Resources */ = {
			isa = PBXResourcesBuildPhase;
			buildActionMask = 2147483647;
			files = (
				4766551118FB02E700D994B1 /* InfoPlist.strings in Resources */,
			);
			runOnlyForDeploymentPostprocessing = 0;
		};
/* End PBXResourcesBuildPhase section */

/* Begin PBXSourcesBuildPhase section */
		476654E018FB02E700D994B1 /* Sources */ = {
			isa = PBXSourcesBuildPhase;
			buildActionMask = 2147483647;
			files = (
				71AD70F8193078880058A928 /* CCProvider.m in Sources */,
				71EA925219369F7700E6DFBA /* CCAlertTableCells.m in Sources */,
				7140221D1924260700685482 /* CCSettings.m in Sources */,
				71E96B09192B2BFE00DBA9E0 /* CCAlertDetailsTableCells.m in Sources */,
				476654F818FB02E700D994B1 /* CCAppDelegate.m in Sources */,
				47EC811B191C066200E74CFA /* CCLoginViewController.m in Sources */,
				71F753531939B92800D3EF19 /* CCAlert.m in Sources */,
				476654F418FB02E700D994B1 /* main.m in Sources */,
				714176511939D5280060CEE3 /* CCUtils.m in Sources */,
				476654FE18FB02E700D994B1 /* CCOncallViewController.m in Sources */,
				4766552318FB321000D994B1 /* CCAlertDetailsViewController.m in Sources */,
			);
			runOnlyForDeploymentPostprocessing = 0;
		};
		4766550118FB02E700D994B1 /* Sources */ = {
			isa = PBXSourcesBuildPhase;
			buildActionMask = 2147483647;
			files = (
				714176521939D5280060CEE3 /* CCUtils.m in Sources */,
				71F753541939B92800D3EF19 /* CCAlert.m in Sources */,
				71AD70F9193078880058A928 /* CCProvider.m in Sources */,
				71EA925319369F7700E6DFBA /* CCAlertTableCells.m in Sources */,
				7140221E1924260700685482 /* CCSettings.m in Sources */,
				71E96B0A192B2BFE00DBA9E0 /* CCAlertDetailsTableCells.m in Sources */,
				4766551318FB02E700D994B1 /* CrossCoverv2Tests.m in Sources */,
			);
			runOnlyForDeploymentPostprocessing = 0;
		};
/* End PBXSourcesBuildPhase section */

/* Begin PBXTargetDependency section */
		4766550B18FB02E700D994B1 /* PBXTargetDependency */ = {
			isa = PBXTargetDependency;
			target = 476654E318FB02E700D994B1 /* PageMD */;
			targetProxy = 4766550A18FB02E700D994B1 /* PBXContainerItemProxy */;
		};
/* End PBXTargetDependency section */

/* Begin PBXVariantGroup section */
		476654F018FB02E700D994B1 /* InfoPlist.strings */ = {
			isa = PBXVariantGroup;
			children = (
				476654F118FB02E700D994B1 /* en */,
			);
			name = InfoPlist.strings;
			sourceTree = "<group>";
		};
		476654F918FB02E700D994B1 /* Main.storyboard */ = {
			isa = PBXVariantGroup;
			children = (
				476654FA18FB02E700D994B1 /* Base */,
			);
			name = Main.storyboard;
			sourceTree = "<group>";
		};
		4766550F18FB02E700D994B1 /* InfoPlist.strings */ = {
			isa = PBXVariantGroup;
			children = (
				4766551018FB02E700D994B1 /* en */,
			);
			name = InfoPlist.strings;
			sourceTree = "<group>";
		};
/* End PBXVariantGroup section */

/* Begin XCBuildConfiguration section */
		4766551418FB02E700D994B1 /* Debug */ = {
			isa = XCBuildConfiguration;
			buildSettings = {
				ALWAYS_SEARCH_USER_PATHS = NO;
				CLANG_CXX_LANGUAGE_STANDARD = "gnu++0x";
				CLANG_CXX_LIBRARY = "libc++";
				CLANG_ENABLE_MODULES = YES;
				CLANG_ENABLE_OBJC_ARC = YES;
				CLANG_WARN_BOOL_CONVERSION = YES;
				CLANG_WARN_CONSTANT_CONVERSION = YES;
				CLANG_WARN_DIRECT_OBJC_ISA_USAGE = YES_ERROR;
				CLANG_WARN_EMPTY_BODY = YES;
				CLANG_WARN_ENUM_CONVERSION = YES;
				CLANG_WARN_INT_CONVERSION = YES;
				CLANG_WARN_OBJC_ROOT_CLASS = YES_ERROR;
				CLANG_WARN__DUPLICATE_METHOD_MATCH = YES;
				"CODE_SIGN_IDENTITY[sdk=iphoneos*]" = "iPhone Developer";
				COPY_PHASE_STRIP = NO;
				GCC_C_LANGUAGE_STANDARD = gnu99;
				GCC_DYNAMIC_NO_PIC = NO;
				GCC_OPTIMIZATION_LEVEL = 0;
				GCC_PREPROCESSOR_DEFINITIONS = (
					"DEBUG=1",
					"$(inherited)",
				);
				GCC_SYMBOLS_PRIVATE_EXTERN = NO;
				GCC_WARN_64_TO_32_BIT_CONVERSION = YES;
				GCC_WARN_ABOUT_RETURN_TYPE = YES_ERROR;
				GCC_WARN_UNDECLARED_SELECTOR = YES;
				GCC_WARN_UNINITIALIZED_AUTOS = YES_AGGRESSIVE;
				GCC_WARN_UNUSED_FUNCTION = YES;
				GCC_WARN_UNUSED_VARIABLE = YES;
				IPHONEOS_DEPLOYMENT_TARGET = 7.1;
				ONLY_ACTIVE_ARCH = YES;
				SDKROOT = iphoneos;
			};
			name = Debug;
		};
		4766551518FB02E700D994B1 /* Release */ = {
			isa = XCBuildConfiguration;
			buildSettings = {
				ALWAYS_SEARCH_USER_PATHS = NO;
				CLANG_CXX_LANGUAGE_STANDARD = "gnu++0x";
				CLANG_CXX_LIBRARY = "libc++";
				CLANG_ENABLE_MODULES = YES;
				CLANG_ENABLE_OBJC_ARC = YES;
				CLANG_WARN_BOOL_CONVERSION = YES;
				CLANG_WARN_CONSTANT_CONVERSION = YES;
				CLANG_WARN_DIRECT_OBJC_ISA_USAGE = YES_ERROR;
				CLANG_WARN_EMPTY_BODY = YES;
				CLANG_WARN_ENUM_CONVERSION = YES;
				CLANG_WARN_INT_CONVERSION = YES;
				CLANG_WARN_OBJC_ROOT_CLASS = YES_ERROR;
				CLANG_WARN__DUPLICATE_METHOD_MATCH = YES;
				"CODE_SIGN_IDENTITY[sdk=iphoneos*]" = "iPhone Developer";
				COPY_PHASE_STRIP = YES;
				ENABLE_NS_ASSERTIONS = NO;
				GCC_C_LANGUAGE_STANDARD = gnu99;
				GCC_WARN_64_TO_32_BIT_CONVERSION = YES;
				GCC_WARN_ABOUT_RETURN_TYPE = YES_ERROR;
				GCC_WARN_UNDECLARED_SELECTOR = YES;
				GCC_WARN_UNINITIALIZED_AUTOS = YES_AGGRESSIVE;
				GCC_WARN_UNUSED_FUNCTION = YES;
				GCC_WARN_UNUSED_VARIABLE = YES;
				IPHONEOS_DEPLOYMENT_TARGET = 7.1;
				SDKROOT = iphoneos;
				VALIDATE_PRODUCT = YES;
			};
			name = Release;
		};
		4766551718FB02E700D994B1 /* Debug */ = {
			isa = XCBuildConfiguration;
			buildSettings = {
				ASSETCATALOG_COMPILER_APPICON_NAME = AppIcon;
				ASSETCATALOG_COMPILER_LAUNCHIMAGE_NAME = LaunchImage;
				CODE_SIGN_IDENTITY = "iPhone Developer";
				"CODE_SIGN_IDENTITY[sdk=iphoneos*]" = "iPhone Developer";
				FRAMEWORK_SEARCH_PATHS = (
					"$(inherited)",
					"$(PROJECT_DIR)",
				);
				GCC_PRECOMPILE_PREFIX_HEADER = NO;
				INFOPLIST_FILE = "CrossCoverv2/PageMD-Info.plist";
				"OTHER_LDFLAGS[arch=*]" = "-ObjC";
				PRODUCT_NAME = PageMD;
				PROVISIONING_PROFILE = "";
				WRAPPER_EXTENSION = app;
			};
			name = Debug;
		};
		4766551818FB02E700D994B1 /* Release */ = {
			isa = XCBuildConfiguration;
			buildSettings = {
				ASSETCATALOG_COMPILER_APPICON_NAME = AppIcon;
				ASSETCATALOG_COMPILER_LAUNCHIMAGE_NAME = LaunchImage;
				CODE_SIGN_IDENTITY = "iPhone Developer";
				"CODE_SIGN_IDENTITY[sdk=iphoneos*]" = "iPhone Developer";
				FRAMEWORK_SEARCH_PATHS = (
					"$(inherited)",
					"$(PROJECT_DIR)",
				);
				GCC_PRECOMPILE_PREFIX_HEADER = NO;
				INFOPLIST_FILE = "CrossCoverv2/PageMD-Info.plist";
				"OTHER_LDFLAGS[arch=*]" = "-ObjC";
				PRODUCT_NAME = PageMD;
				PROVISIONING_PROFILE = "";
				WRAPPER_EXTENSION = app;
			};
			name = Release;
		};
		4766551A18FB02E700D994B1 /* Debug */ = {
			isa = XCBuildConfiguration;
			buildSettings = {
				BUNDLE_LOADER = "$(BUILT_PRODUCTS_DIR)/CrossCoverv2.app/CrossCoverv2";
				FRAMEWORK_SEARCH_PATHS = (
					"$(SDKROOT)/Developer/Library/Frameworks",
					"$(inherited)",
					"$(DEVELOPER_FRAMEWORKS_DIR)",
				);
				GCC_PRECOMPILE_PREFIX_HEADER = YES;
				GCC_PREFIX_HEADER = "CrossCoverv2/CrossCoverv2-Prefix.pch";
				GCC_PREPROCESSOR_DEFINITIONS = (
					"DEBUG=1",
					"$(inherited)",
				);
				INFOPLIST_FILE = "CrossCoverv2Tests/PageMDTests-Info.plist";
				PRODUCT_NAME = PageMDTests;
				TEST_HOST = "$(BUNDLE_LOADER)";
				WRAPPER_EXTENSION = xctest;
			};
			name = Debug;
		};
		4766551B18FB02E700D994B1 /* Release */ = {
			isa = XCBuildConfiguration;
			buildSettings = {
				BUNDLE_LOADER = "$(BUILT_PRODUCTS_DIR)/CrossCoverv2.app/CrossCoverv2";
				FRAMEWORK_SEARCH_PATHS = (
					"$(SDKROOT)/Developer/Library/Frameworks",
					"$(inherited)",
					"$(DEVELOPER_FRAMEWORKS_DIR)",
				);
				GCC_PRECOMPILE_PREFIX_HEADER = YES;
				GCC_PREFIX_HEADER = "CrossCoverv2/CrossCoverv2-Prefix.pch";
				INFOPLIST_FILE = "CrossCoverv2Tests/PageMDTests-Info.plist";
				PRODUCT_NAME = PageMDTests;
				TEST_HOST = "$(BUNDLE_LOADER)";
				WRAPPER_EXTENSION = xctest;
			};
			name = Release;
		};
/* End XCBuildConfiguration section */

/* Begin XCConfigurationList section */
		476654DF18FB02E700D994B1 /* Build configuration list for PBXProject "PageMD" */ = {
			isa = XCConfigurationList;
			buildConfigurations = (
				4766551418FB02E700D994B1 /* Debug */,
				4766551518FB02E700D994B1 /* Release */,
			);
			defaultConfigurationIsVisible = 0;
			defaultConfigurationName = Release;
		};
		4766551618FB02E700D994B1 /* Build configuration list for PBXNativeTarget "PageMD" */ = {
			isa = XCConfigurationList;
			buildConfigurations = (
				4766551718FB02E700D994B1 /* Debug */,
				4766551818FB02E700D994B1 /* Release */,
			);
			defaultConfigurationIsVisible = 0;
			defaultConfigurationName = Release;
		};
		4766551918FB02E700D994B1 /* Build configuration list for PBXNativeTarget "PageMDTests" */ = {
			isa = XCConfigurationList;
			buildConfigurations = (
				4766551A18FB02E700D994B1 /* Debug */,
				4766551B18FB02E700D994B1 /* Release */,
			);
			defaultConfigurationIsVisible = 0;
			defaultConfigurationName = Release;
		};
/* End XCConfigurationList section */
	};
	rootObject = 476654DC18FB02E700D994B1 /* Project object */;
}
