// !$*UTF8*$!
{
	archiveVersion = 1;
	classes = {
	};
	objectVersion = 46;
	objects = {

/* Begin PBXBuildFile section */
		476654E818FB02E700D994B1 /* Foundation.framework in Frameworks */ = {isa = PBXBuildFile; fileRef = 476654E718FB02E700D994B1 /* Foundation.framework */; };
		476654EA18FB02E700D994B1 /* CoreGraphics.framework in Frameworks */ = {isa = PBXBuildFile; fileRef = 476654E918FB02E700D994B1 /* CoreGraphics.framework */; };
		476654EC18FB02E700D994B1 /* UIKit.framework in Frameworks */ = {isa = PBXBuildFile; fileRef = 476654EB18FB02E700D994B1 /* UIKit.framework */; };
		476654F218FB02E700D994B1 /* InfoPlist.strings in Resources */ = {isa = PBXBuildFile; fileRef = 476654F018FB02E700D994B1 /* InfoPlist.strings */; };
		476654F418FB02E700D994B1 /* main.m in Sources */ = {isa = PBXBuildFile; fileRef = 476654F318FB02E700D994B1 /* main.m */; };
		476654F818FB02E700D994B1 /* CCAppDelegate.m in Sources */ = {isa = PBXBuildFile; fileRef = 476654F718FB02E700D994B1 /* CCAppDelegate.m */; };
		476654FB18FB02E700D994B1 /* Main.storyboard in Resources */ = {isa = PBXBuildFile; fileRef = 476654F918FB02E700D994B1 /* Main.storyboard */; };
		476654FE18FB02E700D994B1 /* CCViewController.m in Sources */ = {isa = PBXBuildFile; fileRef = 476654FD18FB02E700D994B1 /* CCViewController.m */; };
		4766550018FB02E700D994B1 /* Images.xcassets in Resources */ = {isa = PBXBuildFile; fileRef = 476654FF18FB02E700D994B1 /* Images.xcassets */; };
		4766550718FB02E700D994B1 /* XCTest.framework in Frameworks */ = {isa = PBXBuildFile; fileRef = 4766550618FB02E700D994B1 /* XCTest.framework */; };
		4766550818FB02E700D994B1 /* Foundation.framework in Frameworks */ = {isa = PBXBuildFile; fileRef = 476654E718FB02E700D994B1 /* Foundation.framework */; };
		4766550918FB02E700D994B1 /* UIKit.framework in Frameworks */ = {isa = PBXBuildFile; fileRef = 476654EB18FB02E700D994B1 /* UIKit.framework */; };
		4766551118FB02E700D994B1 /* InfoPlist.strings in Resources */ = {isa = PBXBuildFile; fileRef = 4766550F18FB02E700D994B1 /* InfoPlist.strings */; };
		4766551318FB02E700D994B1 /* CrossCoverv2Tests.m in Sources */ = {isa = PBXBuildFile; fileRef = 4766551218FB02E700D994B1 /* CrossCoverv2Tests.m */; };
		4766552318FB321000D994B1 /* CCAlertDetailsViewController.m in Sources */ = {isa = PBXBuildFile; fileRef = 4766552218FB321000D994B1 /* CCAlertDetailsViewController.m */; };
		4777491F190887750000FCCE /* alertData.json in Resources */ = {isa = PBXBuildFile; fileRef = 4777491E190887750000FCCE /* alertData.json */; };
		47A9E71F191067E100348E41 /* Firebase.framework in Frameworks */ = {isa = PBXBuildFile; fileRef = 47A9E71E191067E100348E41 /* Firebase.framework */; };
		47A9E7211910682C00348E41 /* libicucore.dylib in Frameworks */ = {isa = PBXBuildFile; fileRef = 47A9E7201910682C00348E41 /* libicucore.dylib */; };
		47A9E7231910683A00348E41 /* libc++.dylib in Frameworks */ = {isa = PBXBuildFile; fileRef = 47A9E7221910683A00348E41 /* libc++.dylib */; };
		47A9E7251910684600348E41 /* CFNetwork.framework in Frameworks */ = {isa = PBXBuildFile; fileRef = 47A9E7241910684600348E41 /* CFNetwork.framework */; };
		47A9E7271910685200348E41 /* Security.framework in Frameworks */ = {isa = PBXBuildFile; fileRef = 47A9E7261910685200348E41 /* Security.framework */; };
		47A9E7291910686000348E41 /* SystemConfiguration.framework in Frameworks */ = {isa = PBXBuildFile; fileRef = 47A9E7281910686000348E41 /* SystemConfiguration.framework */; };
		47AF497F18FC28E20050EC0E /* CCAlert.m in Sources */ = {isa = PBXBuildFile; fileRef = 47AF497E18FC28E20050EC0E /* CCAlert.m */; };
		47AF498218FC65380050EC0E /* CCAlertData.m in Sources */ = {isa = PBXBuildFile; fileRef = 47AF498118FC65380050EC0E /* CCAlertData.m */; };
		47AF498F18FC9E830050EC0E /* consult.png in Resources */ = {isa = PBXBuildFile; fileRef = 47AF498318FC9E830050EC0E /* consult.png */; };
		47AF499018FC9E830050EC0E /* consult@2x.png in Resources */ = {isa = PBXBuildFile; fileRef = 47AF498418FC9E830050EC0E /* consult@2x.png */; };
		47AF499118FC9E830050EC0E /* critical.png in Resources */ = {isa = PBXBuildFile; fileRef = 47AF498518FC9E830050EC0E /* critical.png */; };
		47AF499218FC9E830050EC0E /* critical@2x.png in Resources */ = {isa = PBXBuildFile; fileRef = 47AF498618FC9E830050EC0E /* critical@2x.png */; };
		47AF499318FC9E830050EC0E /* labs.png in Resources */ = {isa = PBXBuildFile; fileRef = 47AF498718FC9E830050EC0E /* labs.png */; };
		47AF499418FC9E830050EC0E /* labs@2x.png in Resources */ = {isa = PBXBuildFile; fileRef = 47AF498818FC9E830050EC0E /* labs@2x.png */; };
		47AF499518FC9E830050EC0E /* prescription.png in Resources */ = {isa = PBXBuildFile; fileRef = 47AF498918FC9E830050EC0E /* prescription.png */; };
		47AF499618FC9E830050EC0E /* prescription@2x.png in Resources */ = {isa = PBXBuildFile; fileRef = 47AF498A18FC9E830050EC0E /* prescription@2x.png */; };
		47AF499718FC9E830050EC0E /* radiology.png in Resources */ = {isa = PBXBuildFile; fileRef = 47AF498B18FC9E830050EC0E /* radiology.png */; };
		47AF499818FC9E830050EC0E /* radiology@2x.png in Resources */ = {isa = PBXBuildFile; fileRef = 47AF498C18FC9E830050EC0E /* radiology@2x.png */; };
		47AF499918FC9E830050EC0E /* vitals.png in Resources */ = {isa = PBXBuildFile; fileRef = 47AF498D18FC9E830050EC0E /* vitals.png */; };
		47AF499A18FC9E830050EC0E /* vitals@2x.png in Resources */ = {isa = PBXBuildFile; fileRef = 47AF498E18FC9E830050EC0E /* vitals@2x.png */; };
		47AF499D18FC9FF30050EC0E /* io.png in Resources */ = {isa = PBXBuildFile; fileRef = 47AF499B18FC9FF30050EC0E /* io.png */; };
		47AF499E18FC9FF30050EC0E /* io@2x.png in Resources */ = {isa = PBXBuildFile; fileRef = 47AF499C18FC9FF30050EC0E /* io@2x.png */; };
/* End PBXBuildFile section */

/* Begin PBXContainerItemProxy section */
		4766550A18FB02E700D994B1 /* PBXContainerItemProxy */ = {
			isa = PBXContainerItemProxy;
			containerPortal = 476654DC18FB02E700D994B1 /* Project object */;
			proxyType = 1;
			remoteGlobalIDString = 476654E318FB02E700D994B1;
			remoteInfo = CrossCoverv2;
		};
/* End PBXContainerItemProxy section */

/* Begin PBXFileReference section */
		476654E418FB02E700D994B1 /* CrossCoverv2.app */ = {isa = PBXFileReference; explicitFileType = wrapper.application; includeInIndex = 0; path = CrossCoverv2.app; sourceTree = BUILT_PRODUCTS_DIR; };
		476654E718FB02E700D994B1 /* Foundation.framework */ = {isa = PBXFileReference; lastKnownFileType = wrapper.framework; name = Foundation.framework; path = System/Library/Frameworks/Foundation.framework; sourceTree = SDKROOT; };
		476654E918FB02E700D994B1 /* CoreGraphics.framework */ = {isa = PBXFileReference; lastKnownFileType = wrapper.framework; name = CoreGraphics.framework; path = System/Library/Frameworks/CoreGraphics.framework; sourceTree = SDKROOT; };
		476654EB18FB02E700D994B1 /* UIKit.framework */ = {isa = PBXFileReference; lastKnownFileType = wrapper.framework; name = UIKit.framework; path = System/Library/Frameworks/UIKit.framework; sourceTree = SDKROOT; };
		476654EF18FB02E700D994B1 /* CrossCoverv2-Info.plist */ = {isa = PBXFileReference; lastKnownFileType = text.plist.xml; path = "CrossCoverv2-Info.plist"; sourceTree = "<group>"; };
		476654F118FB02E700D994B1 /* en */ = {isa = PBXFileReference; lastKnownFileType = text.plist.strings; name = en; path = en.lproj/InfoPlist.strings; sourceTree = "<group>"; };
		476654F318FB02E700D994B1 /* main.m */ = {isa = PBXFileReference; lastKnownFileType = sourcecode.c.objc; path = main.m; sourceTree = "<group>"; };
		476654F518FB02E700D994B1 /* CrossCoverv2-Prefix.pch */ = {isa = PBXFileReference; lastKnownFileType = sourcecode.c.h; path = "CrossCoverv2-Prefix.pch"; sourceTree = "<group>"; };
		476654F618FB02E700D994B1 /* CCAppDelegate.h */ = {isa = PBXFileReference; lastKnownFileType = sourcecode.c.h; path = CCAppDelegate.h; sourceTree = "<group>"; };
		476654F718FB02E700D994B1 /* CCAppDelegate.m */ = {isa = PBXFileReference; lastKnownFileType = sourcecode.c.objc; path = CCAppDelegate.m; sourceTree = "<group>"; };
		476654FA18FB02E700D994B1 /* Base */ = {isa = PBXFileReference; lastKnownFileType = file.storyboard; name = Base; path = Base.lproj/Main.storyboard; sourceTree = "<group>"; };
		476654FC18FB02E700D994B1 /* CCViewController.h */ = {isa = PBXFileReference; lastKnownFileType = sourcecode.c.h; path = CCViewController.h; sourceTree = "<group>"; };
		476654FD18FB02E700D994B1 /* CCViewController.m */ = {isa = PBXFileReference; lastKnownFileType = sourcecode.c.objc; path = CCViewController.m; sourceTree = "<group>"; };
		476654FF18FB02E700D994B1 /* Images.xcassets */ = {isa = PBXFileReference; lastKnownFileType = folder.assetcatalog; path = Images.xcassets; sourceTree = "<group>"; };
		4766550518FB02E700D994B1 /* CrossCoverv2Tests.xctest */ = {isa = PBXFileReference; explicitFileType = wrapper.cfbundle; includeInIndex = 0; path = CrossCoverv2Tests.xctest; sourceTree = BUILT_PRODUCTS_DIR; };
		4766550618FB02E700D994B1 /* XCTest.framework */ = {isa = PBXFileReference; lastKnownFileType = wrapper.framework; name = XCTest.framework; path = Library/Frameworks/XCTest.framework; sourceTree = DEVELOPER_DIR; };
		4766550E18FB02E700D994B1 /* CrossCoverv2Tests-Info.plist */ = {isa = PBXFileReference; lastKnownFileType = text.plist.xml; path = "CrossCoverv2Tests-Info.plist"; sourceTree = "<group>"; };
		4766551018FB02E700D994B1 /* en */ = {isa = PBXFileReference; lastKnownFileType = text.plist.strings; name = en; path = en.lproj/InfoPlist.strings; sourceTree = "<group>"; };
		4766551218FB02E700D994B1 /* CrossCoverv2Tests.m */ = {isa = PBXFileReference; lastKnownFileType = sourcecode.c.objc; path = CrossCoverv2Tests.m; sourceTree = "<group>"; };
		4766552118FB321000D994B1 /* CCAlertDetailsViewController.h */ = {isa = PBXFileReference; fileEncoding = 4; lastKnownFileType = sourcecode.c.h; path = CCAlertDetailsViewController.h; sourceTree = "<group>"; };
		4766552218FB321000D994B1 /* CCAlertDetailsViewController.m */ = {isa = PBXFileReference; fileEncoding = 4; lastKnownFileType = sourcecode.c.objc; path = CCAlertDetailsViewController.m; sourceTree = "<group>"; };
		4777491E190887750000FCCE /* alertData.json */ = {isa = PBXFileReference; fileEncoding = 4; lastKnownFileType = text.json; path = alertData.json; sourceTree = "<group>"; };
		47A9E71E191067E100348E41 /* Firebase.framework */ = {isa = PBXFileReference; lastKnownFileType = wrapper.framework; path = Firebase.framework; sourceTree = "<group>"; };
		47A9E7201910682C00348E41 /* libicucore.dylib */ = {isa = PBXFileReference; lastKnownFileType = "compiled.mach-o.dylib"; name = libicucore.dylib; path = usr/lib/libicucore.dylib; sourceTree = SDKROOT; };
		47A9E7221910683A00348E41 /* libc++.dylib */ = {isa = PBXFileReference; lastKnownFileType = "compiled.mach-o.dylib"; name = "libc++.dylib"; path = "usr/lib/libc++.dylib"; sourceTree = SDKROOT; };
		47A9E7241910684600348E41 /* CFNetwork.framework */ = {isa = PBXFileReference; lastKnownFileType = wrapper.framework; name = CFNetwork.framework; path = System/Library/Frameworks/CFNetwork.framework; sourceTree = SDKROOT; };
		47A9E7261910685200348E41 /* Security.framework */ = {isa = PBXFileReference; lastKnownFileType = wrapper.framework; name = Security.framework; path = System/Library/Frameworks/Security.framework; sourceTree = SDKROOT; };
		47A9E7281910686000348E41 /* SystemConfiguration.framework */ = {isa = PBXFileReference; lastKnownFileType = wrapper.framework; name = SystemConfiguration.framework; path = System/Library/Frameworks/SystemConfiguration.framework; sourceTree = SDKROOT; };
		47AF497D18FC28E20050EC0E /* CCAlert.h */ = {isa = PBXFileReference; fileEncoding = 4; lastKnownFileType = sourcecode.c.h; name = CCAlert.h; path = ../CCAlert.h; sourceTree = "<group>"; };
		47AF497E18FC28E20050EC0E /* CCAlert.m */ = {isa = PBXFileReference; fileEncoding = 4; lastKnownFileType = sourcecode.c.objc; name = CCAlert.m; path = ../CCAlert.m; sourceTree = "<group>"; };
		47AF498018FC65380050EC0E /* CCAlertData.h */ = {isa = PBXFileReference; fileEncoding = 4; lastKnownFileType = sourcecode.c.h; path = CCAlertData.h; sourceTree = "<group>"; };
		47AF498118FC65380050EC0E /* CCAlertData.m */ = {isa = PBXFileReference; fileEncoding = 4; lastKnownFileType = sourcecode.c.objc; path = CCAlertData.m; sourceTree = "<group>"; };
		47AF498318FC9E830050EC0E /* consult.png */ = {isa = PBXFileReference; lastKnownFileType = image.png; path = consult.png; sourceTree = "<group>"; };
		47AF498418FC9E830050EC0E /* consult@2x.png */ = {isa = PBXFileReference; lastKnownFileType = image.png; path = "consult@2x.png"; sourceTree = "<group>"; };
		47AF498518FC9E830050EC0E /* critical.png */ = {isa = PBXFileReference; lastKnownFileType = image.png; path = critical.png; sourceTree = "<group>"; };
		47AF498618FC9E830050EC0E /* critical@2x.png */ = {isa = PBXFileReference; lastKnownFileType = image.png; path = "critical@2x.png"; sourceTree = "<group>"; };
		47AF498718FC9E830050EC0E /* labs.png */ = {isa = PBXFileReference; lastKnownFileType = image.png; path = labs.png; sourceTree = "<group>"; };
		47AF498818FC9E830050EC0E /* labs@2x.png */ = {isa = PBXFileReference; lastKnownFileType = image.png; path = "labs@2x.png"; sourceTree = "<group>"; };
		47AF498918FC9E830050EC0E /* prescription.png */ = {isa = PBXFileReference; lastKnownFileType = image.png; path = prescription.png; sourceTree = "<group>"; };
		47AF498A18FC9E830050EC0E /* prescription@2x.png */ = {isa = PBXFileReference; lastKnownFileType = image.png; path = "prescription@2x.png"; sourceTree = "<group>"; };
		47AF498B18FC9E830050EC0E /* radiology.png */ = {isa = PBXFileReference; lastKnownFileType = image.png; path = radiology.png; sourceTree = "<group>"; };
		47AF498C18FC9E830050EC0E /* radiology@2x.png */ = {isa = PBXFileReference; lastKnownFileType = image.png; path = "radiology@2x.png"; sourceTree = "<group>"; };
		47AF498D18FC9E830050EC0E /* vitals.png */ = {isa = PBXFileReference; lastKnownFileType = image.png; path = vitals.png; sourceTree = "<group>"; };
		47AF498E18FC9E830050EC0E /* vitals@2x.png */ = {isa = PBXFileReference; lastKnownFileType = image.png; path = "vitals@2x.png"; sourceTree = "<group>"; };
		47AF499B18FC9FF30050EC0E /* io.png */ = {isa = PBXFileReference; lastKnownFileType = image.png; path = io.png; sourceTree = "<group>"; };
		47AF499C18FC9FF30050EC0E /* io@2x.png */ = {isa = PBXFileReference; lastKnownFileType = image.png; path = "io@2x.png"; sourceTree = "<group>"; };
/* End PBXFileReference section */

/* Begin PBXFrameworksBuildPhase section */
		476654E118FB02E700D994B1 /* Frameworks */ = {
			isa = PBXFrameworksBuildPhase;
			buildActionMask = 2147483647;
			files = (
				47A9E7291910686000348E41 /* SystemConfiguration.framework in Frameworks */,
				47A9E7271910685200348E41 /* Security.framework in Frameworks */,
				47A9E7251910684600348E41 /* CFNetwork.framework in Frameworks */,
				47A9E7231910683A00348E41 /* libc++.dylib in Frameworks */,
				47A9E7211910682C00348E41 /* libicucore.dylib in Frameworks */,
				476654EA18FB02E700D994B1 /* CoreGraphics.framework in Frameworks */,
				476654EC18FB02E700D994B1 /* UIKit.framework in Frameworks */,
				476654E818FB02E700D994B1 /* Foundation.framework in Frameworks */,
				47A9E71F191067E100348E41 /* Firebase.framework in Frameworks */,
			);
			runOnlyForDeploymentPostprocessing = 0;
		};
		4766550218FB02E700D994B1 /* Frameworks */ = {
			isa = PBXFrameworksBuildPhase;
			buildActionMask = 2147483647;
			files = (
				4766550718FB02E700D994B1 /* XCTest.framework in Frameworks */,
				4766550918FB02E700D994B1 /* UIKit.framework in Frameworks */,
				4766550818FB02E700D994B1 /* Foundation.framework in Frameworks */,
			);
			runOnlyForDeploymentPostprocessing = 0;
		};
/* End PBXFrameworksBuildPhase section */

/* Begin PBXGroup section */
		476654DB18FB02E700D994B1 = {
			isa = PBXGroup;
			children = (
				476654ED18FB02E700D994B1 /* CrossCoverv2 */,
				4766550C18FB02E700D994B1 /* CrossCoverv2Tests */,
				476654E618FB02E700D994B1 /* Frameworks */,
				476654E518FB02E700D994B1 /* Products */,
			);
			sourceTree = "<group>";
		};
		476654E518FB02E700D994B1 /* Products */ = {
			isa = PBXGroup;
			children = (
				476654E418FB02E700D994B1 /* CrossCoverv2.app */,
				4766550518FB02E700D994B1 /* CrossCoverv2Tests.xctest */,
			);
			name = Products;
			sourceTree = "<group>";
		};
		476654E618FB02E700D994B1 /* Frameworks */ = {
			isa = PBXGroup;
			children = (
				47A9E7281910686000348E41 /* SystemConfiguration.framework */,
				47A9E7261910685200348E41 /* Security.framework */,
				47A9E7241910684600348E41 /* CFNetwork.framework */,
				47A9E7221910683A00348E41 /* libc++.dylib */,
				47A9E7201910682C00348E41 /* libicucore.dylib */,
				47A9E71E191067E100348E41 /* Firebase.framework */,
				476654E718FB02E700D994B1 /* Foundation.framework */,
				476654E918FB02E700D994B1 /* CoreGraphics.framework */,
				476654EB18FB02E700D994B1 /* UIKit.framework */,
				4766550618FB02E700D994B1 /* XCTest.framework */,
			);
			name = Frameworks;
			sourceTree = "<group>";
		};
		476654ED18FB02E700D994B1 /* CrossCoverv2 */ = {
			isa = PBXGroup;
			children = (
				47AF497D18FC28E20050EC0E /* CCAlert.h */,
				47AF497E18FC28E20050EC0E /* CCAlert.m */,
				476654F618FB02E700D994B1 /* CCAppDelegate.h */,
				476654F718FB02E700D994B1 /* CCAppDelegate.m */,
				476654F918FB02E700D994B1 /* Main.storyboard */,
				4766552118FB321000D994B1 /* CCAlertDetailsViewController.h */,
				4766552218FB321000D994B1 /* CCAlertDetailsViewController.m */,
				476654FC18FB02E700D994B1 /* CCViewController.h */,
				476654FD18FB02E700D994B1 /* CCViewController.m */,
				47AF498018FC65380050EC0E /* CCAlertData.h */,
				47AF498118FC65380050EC0E /* CCAlertData.m */,
				476654FF18FB02E700D994B1 /* Images.xcassets */,
				476654EE18FB02E700D994B1 /* Supporting Files */,
			);
			path = CrossCoverv2;
			sourceTree = "<group>";
		};
		476654EE18FB02E700D994B1 /* Supporting Files */ = {
			isa = PBXGroup;
			children = (
				4777491E190887750000FCCE /* alertData.json */,
				47AF499B18FC9FF30050EC0E /* io.png */,
				47AF499C18FC9FF30050EC0E /* io@2x.png */,
				47AF498318FC9E830050EC0E /* consult.png */,
				47AF498418FC9E830050EC0E /* consult@2x.png */,
				47AF498518FC9E830050EC0E /* critical.png */,
				47AF498618FC9E830050EC0E /* critical@2x.png */,
				47AF498718FC9E830050EC0E /* labs.png */,
				47AF498818FC9E830050EC0E /* labs@2x.png */,
				47AF498918FC9E830050EC0E /* prescription.png */,
				47AF498A18FC9E830050EC0E /* prescription@2x.png */,
				47AF498B18FC9E830050EC0E /* radiology.png */,
				47AF498C18FC9E830050EC0E /* radiology@2x.png */,
				47AF498D18FC9E830050EC0E /* vitals.png */,
				47AF498E18FC9E830050EC0E /* vitals@2x.png */,
				476654EF18FB02E700D994B1 /* CrossCoverv2-Info.plist */,
				476654F018FB02E700D994B1 /* InfoPlist.strings */,
				476654F318FB02E700D994B1 /* main.m */,
				476654F518FB02E700D994B1 /* CrossCoverv2-Prefix.pch */,
			);
			name = "Supporting Files";
			sourceTree = "<group>";
		};
		4766550C18FB02E700D994B1 /* CrossCoverv2Tests */ = {
			isa = PBXGroup;
			children = (
				4766551218FB02E700D994B1 /* CrossCoverv2Tests.m */,
				4766550D18FB02E700D994B1 /* Supporting Files */,
			);
			path = CrossCoverv2Tests;
			sourceTree = "<group>";
		};
		4766550D18FB02E700D994B1 /* Supporting Files */ = {
			isa = PBXGroup;
			children = (
				4766550E18FB02E700D994B1 /* CrossCoverv2Tests-Info.plist */,
				4766550F18FB02E700D994B1 /* InfoPlist.strings */,
			);
			name = "Supporting Files";
			sourceTree = "<group>";
		};
/* End PBXGroup section */

/* Begin PBXNativeTarget section */
		476654E318FB02E700D994B1 /* CrossCoverv2 */ = {
			isa = PBXNativeTarget;
			buildConfigurationList = 4766551618FB02E700D994B1 /* Build configuration list for PBXNativeTarget "CrossCoverv2" */;
			buildPhases = (
				476654E018FB02E700D994B1 /* Sources */,
				476654E118FB02E700D994B1 /* Frameworks */,
				476654E218FB02E700D994B1 /* Resources */,
			);
			buildRules = (
			);
			dependencies = (
			);
			name = CrossCoverv2;
			productName = CrossCoverv2;
			productReference = 476654E418FB02E700D994B1 /* CrossCoverv2.app */;
			productType = "com.apple.product-type.application";
		};
		4766550418FB02E700D994B1 /* CrossCoverv2Tests */ = {
			isa = PBXNativeTarget;
			buildConfigurationList = 4766551918FB02E700D994B1 /* Build configuration list for PBXNativeTarget "CrossCoverv2Tests" */;
			buildPhases = (
				4766550118FB02E700D994B1 /* Sources */,
				4766550218FB02E700D994B1 /* Frameworks */,
				4766550318FB02E700D994B1 /* Resources */,
			);
			buildRules = (
			);
			dependencies = (
				4766550B18FB02E700D994B1 /* PBXTargetDependency */,
			);
			name = CrossCoverv2Tests;
			productName = CrossCoverv2Tests;
			productReference = 4766550518FB02E700D994B1 /* CrossCoverv2Tests.xctest */;
			productType = "com.apple.product-type.bundle.unit-test";
		};
/* End PBXNativeTarget section */

/* Begin PBXProject section */
		476654DC18FB02E700D994B1 /* Project object */ = {
			isa = PBXProject;
			attributes = {
				CLASSPREFIX = CC;
				LastUpgradeCheck = 0510;
				ORGANIZATIONNAME = Tebora;
				TargetAttributes = {
					476654E318FB02E700D994B1 = {
						DevelopmentTeam = D4TF35K8BN;
					};
					4766550418FB02E700D994B1 = {
						TestTargetID = 476654E318FB02E700D994B1;
					};
				};
			};
			buildConfigurationList = 476654DF18FB02E700D994B1 /* Build configuration list for PBXProject "CrossCoverv2" */;
			compatibilityVersion = "Xcode 3.2";
			developmentRegion = English;
			hasScannedForEncodings = 0;
			knownRegions = (
				en,
				Base,
			);
			mainGroup = 476654DB18FB02E700D994B1;
			productRefGroup = 476654E518FB02E700D994B1 /* Products */;
			projectDirPath = "";
			projectRoot = "";
			targets = (
				476654E318FB02E700D994B1 /* CrossCoverv2 */,
				4766550418FB02E700D994B1 /* CrossCoverv2Tests */,
			);
		};
/* End PBXProject section */

/* Begin PBXResourcesBuildPhase section */
		476654E218FB02E700D994B1 /* Resources */ = {
			isa = PBXResourcesBuildPhase;
			buildActionMask = 2147483647;
			files = (
				47AF499A18FC9E830050EC0E /* vitals@2x.png in Resources */,
				47AF499D18FC9FF30050EC0E /* io.png in Resources */,
				4766550018FB02E700D994B1 /* Images.xcassets in Resources */,
				47AF499618FC9E830050EC0E /* prescription@2x.png in Resources */,
				47AF499018FC9E830050EC0E /* consult@2x.png in Resources */,
				47AF499418FC9E830050EC0E /* labs@2x.png in Resources */,
				4777491F190887750000FCCE /* alertData.json in Resources */,
				476654F218FB02E700D994B1 /* InfoPlist.strings in Resources */,
				47AF498F18FC9E830050EC0E /* consult.png in Resources */,
				47AF499818FC9E830050EC0E /* radiology@2x.png in Resources */,
				47AF499E18FC9FF30050EC0E /* io@2x.png in Resources */,
				47AF499718FC9E830050EC0E /* radiology.png in Resources */,
				47AF499118FC9E830050EC0E /* critical.png in Resources */,
				47AF499318FC9E830050EC0E /* labs.png in Resources */,
				476654FB18FB02E700D994B1 /* Main.storyboard in Resources */,
				47AF499218FC9E830050EC0E /* critical@2x.png in Resources */,
				47AF499918FC9E830050EC0E /* vitals.png in Resources */,
				47AF499518FC9E830050EC0E /* prescription.png in Resources */,
			);
			runOnlyForDeploymentPostprocessing = 0;
		};
		4766550318FB02E700D994B1 /* Resources */ = {
			isa = PBXResourcesBuildPhase;
			buildActionMask = 2147483647;
			files = (
				4766551118FB02E700D994B1 /* InfoPlist.strings in Resources */,
			);
			runOnlyForDeploymentPostprocessing = 0;
		};
/* End PBXResourcesBuildPhase section */

/* Begin PBXSourcesBuildPhase section */
		476654E018FB02E700D994B1 /* Sources */ = {
			isa = PBXSourcesBuildPhase;
			buildActionMask = 2147483647;
			files = (
				47AF498218FC65380050EC0E /* CCAlertData.m in Sources */,
				476654F818FB02E700D994B1 /* CCAppDelegate.m in Sources */,
				476654F418FB02E700D994B1 /* main.m in Sources */,
				476654FE18FB02E700D994B1 /* CCViewController.m in Sources */,
				47AF497F18FC28E20050EC0E /* CCAlert.m in Sources */,
				4766552318FB321000D994B1 /* CCAlertDetailsViewController.m in Sources */,
			);
			runOnlyForDeploymentPostprocessing = 0;
		};
		4766550118FB02E700D994B1 /* Sources */ = {
			isa = PBXSourcesBuildPhase;
			buildActionMask = 2147483647;
			files = (
				4766551318FB02E700D994B1 /* CrossCoverv2Tests.m in Sources */,
			);
			runOnlyForDeploymentPostprocessing = 0;
		};
/* End PBXSourcesBuildPhase section */

/* Begin PBXTargetDependency section */
		4766550B18FB02E700D994B1 /* PBXTargetDependency */ = {
			isa = PBXTargetDependency;
			target = 476654E318FB02E700D994B1 /* CrossCoverv2 */;
			targetProxy = 4766550A18FB02E700D994B1 /* PBXContainerItemProxy */;
		};
/* End PBXTargetDependency section */

/* Begin PBXVariantGroup section */
		476654F018FB02E700D994B1 /* InfoPlist.strings */ = {
			isa = PBXVariantGroup;
			children = (
				476654F118FB02E700D994B1 /* en */,
			);
			name = InfoPlist.strings;
			sourceTree = "<group>";
		};
		476654F918FB02E700D994B1 /* Main.storyboard */ = {
			isa = PBXVariantGroup;
			children = (
				476654FA18FB02E700D994B1 /* Base */,
			);
			name = Main.storyboard;
			sourceTree = "<group>";
		};
		4766550F18FB02E700D994B1 /* InfoPlist.strings */ = {
			isa = PBXVariantGroup;
			children = (
				4766551018FB02E700D994B1 /* en */,
			);
			name = InfoPlist.strings;
			sourceTree = "<group>";
		};
/* End PBXVariantGroup section */

/* Begin XCBuildConfiguration section */
		4766551418FB02E700D994B1 /* Debug */ = {
			isa = XCBuildConfiguration;
			buildSettings = {
				ALWAYS_SEARCH_USER_PATHS = NO;
				CLANG_CXX_LANGUAGE_STANDARD = "gnu++0x";
				CLANG_CXX_LIBRARY = "libc++";
				CLANG_ENABLE_MODULES = YES;
				CLANG_ENABLE_OBJC_ARC = YES;
				CLANG_WARN_BOOL_CONVERSION = YES;
				CLANG_WARN_CONSTANT_CONVERSION = YES;
				CLANG_WARN_DIRECT_OBJC_ISA_USAGE = YES_ERROR;
				CLANG_WARN_EMPTY_BODY = YES;
				CLANG_WARN_ENUM_CONVERSION = YES;
				CLANG_WARN_INT_CONVERSION = YES;
				CLANG_WARN_OBJC_ROOT_CLASS = YES_ERROR;
				CLANG_WARN__DUPLICATE_METHOD_MATCH = YES;
				"CODE_SIGN_IDENTITY[sdk=iphoneos*]" = "iPhone Developer";
				COPY_PHASE_STRIP = NO;
				GCC_C_LANGUAGE_STANDARD = gnu99;
				GCC_DYNAMIC_NO_PIC = NO;
				GCC_OPTIMIZATION_LEVEL = 0;
				GCC_PREPROCESSOR_DEFINITIONS = (
					"DEBUG=1",
					"$(inherited)",
				);
				GCC_SYMBOLS_PRIVATE_EXTERN = NO;
				GCC_WARN_64_TO_32_BIT_CONVERSION = YES;
				GCC_WARN_ABOUT_RETURN_TYPE = YES_ERROR;
				GCC_WARN_UNDECLARED_SELECTOR = YES;
				GCC_WARN_UNINITIALIZED_AUTOS = YES_AGGRESSIVE;
				GCC_WARN_UNUSED_FUNCTION = YES;
				GCC_WARN_UNUSED_VARIABLE = YES;
				IPHONEOS_DEPLOYMENT_TARGET = 7.1;
				ONLY_ACTIVE_ARCH = YES;
				SDKROOT = iphoneos;
			};
			name = Debug;
		};
		4766551518FB02E700D994B1 /* Release */ = {
			isa = XCBuildConfiguration;
			buildSettings = {
				ALWAYS_SEARCH_USER_PATHS = NO;
				CLANG_CXX_LANGUAGE_STANDARD = "gnu++0x";
				CLANG_CXX_LIBRARY = "libc++";
				CLANG_ENABLE_MODULES = YES;
				CLANG_ENABLE_OBJC_ARC = YES;
				CLANG_WARN_BOOL_CONVERSION = YES;
				CLANG_WARN_CONSTANT_CONVERSION = YES;
				CLANG_WARN_DIRECT_OBJC_ISA_USAGE = YES_ERROR;
				CLANG_WARN_EMPTY_BODY = YES;
				CLANG_WARN_ENUM_CONVERSION = YES;
				CLANG_WARN_INT_CONVERSION = YES;
				CLANG_WARN_OBJC_ROOT_CLASS = YES_ERROR;
				CLANG_WARN__DUPLICATE_METHOD_MATCH = YES;
				"CODE_SIGN_IDENTITY[sdk=iphoneos*]" = "iPhone Developer";
				COPY_PHASE_STRIP = YES;
				ENABLE_NS_ASSERTIONS = NO;
				GCC_C_LANGUAGE_STANDARD = gnu99;
				GCC_WARN_64_TO_32_BIT_CONVERSION = YES;
				GCC_WARN_ABOUT_RETURN_TYPE = YES_ERROR;
				GCC_WARN_UNDECLARED_SELECTOR = YES;
				GCC_WARN_UNINITIALIZED_AUTOS = YES_AGGRESSIVE;
				GCC_WARN_UNUSED_FUNCTION = YES;
				GCC_WARN_UNUSED_VARIABLE = YES;
				IPHONEOS_DEPLOYMENT_TARGET = 7.1;
				SDKROOT = iphoneos;
				VALIDATE_PRODUCT = YES;
			};
			name = Release;
		};
		4766551718FB02E700D994B1 /* Debug */ = {
			isa = XCBuildConfiguration;
			buildSettings = {
				ASSETCATALOG_COMPILER_APPICON_NAME = AppIcon;
				ASSETCATALOG_COMPILER_LAUNCHIMAGE_NAME = LaunchImage;
				CODE_SIGN_IDENTITY = "iPhone Developer";
				"CODE_SIGN_IDENTITY[sdk=iphoneos*]" = "iPhone Developer";
				FRAMEWORK_SEARCH_PATHS = (
					"$(inherited)",
					"$(PROJECT_DIR)",
				);
				GCC_PRECOMPILE_PREFIX_HEADER = YES;
				GCC_PREFIX_HEADER = "CrossCoverv2/CrossCoverv2-Prefix.pch";
				INFOPLIST_FILE = "CrossCoverv2/CrossCoverv2-Info.plist";
				"OTHER_LDFLAGS[arch=*]" = "-ObjC";
				PRODUCT_NAME = "$(TARGET_NAME)";
				PROVISIONING_PROFILE = "";
				WRAPPER_EXTENSION = app;
			};
			name = Debug;
		};
		4766551818FB02E700D994B1 /* Release */ = {
			isa = XCBuildConfiguration;
			buildSettings = {
				ASSETCATALOG_COMPILER_APPICON_NAME = AppIcon;
				ASSETCATALOG_COMPILER_LAUNCHIMAGE_NAME = LaunchImage;
				CODE_SIGN_IDENTITY = "iPhone Developer";
				"CODE_SIGN_IDENTITY[sdk=iphoneos*]" = "iPhone Developer";
				FRAMEWORK_SEARCH_PATHS = (
					"$(inherited)",
					"$(PROJECT_DIR)",
				);
				GCC_PRECOMPILE_PREFIX_HEADER = YES;
				GCC_PREFIX_HEADER = "CrossCoverv2/CrossCoverv2-Prefix.pch";
				INFOPLIST_FILE = "CrossCoverv2/CrossCoverv2-Info.plist";
				"OTHER_LDFLAGS[arch=*]" = "-ObjC";
				PRODUCT_NAME = "$(TARGET_NAME)";
				PROVISIONING_PROFILE = "";
				WRAPPER_EXTENSION = app;
			};
			name = Release;
		};
		4766551A18FB02E700D994B1 /* Debug */ = {
			isa = XCBuildConfiguration;
			buildSettings = {
				BUNDLE_LOADER = "$(BUILT_PRODUCTS_DIR)/CrossCoverv2.app/CrossCoverv2";
				FRAMEWORK_SEARCH_PATHS = (
					"$(SDKROOT)/Developer/Library/Frameworks",
					"$(inherited)",
					"$(DEVELOPER_FRAMEWORKS_DIR)",
				);
				GCC_PRECOMPILE_PREFIX_HEADER = YES;
				GCC_PREFIX_HEADER = "CrossCoverv2/CrossCoverv2-Prefix.pch";
				GCC_PREPROCESSOR_DEFINITIONS = (
					"DEBUG=1",
					"$(inherited)",
				);
				INFOPLIST_FILE = "CrossCoverv2Tests/CrossCoverv2Tests-Info.plist";
				PRODUCT_NAME = "$(TARGET_NAME)";
				TEST_HOST = "$(BUNDLE_LOADER)";
				WRAPPER_EXTENSION = xctest;
			};
			name = Debug;
		};
		4766551B18FB02E700D994B1 /* Release */ = {
			isa = XCBuildConfiguration;
			buildSettings = {
				BUNDLE_LOADER = "$(BUILT_PRODUCTS_DIR)/CrossCoverv2.app/CrossCoverv2";
				FRAMEWORK_SEARCH_PATHS = (
					"$(SDKROOT)/Developer/Library/Frameworks",
					"$(inherited)",
					"$(DEVELOPER_FRAMEWORKS_DIR)",
				);
				GCC_PRECOMPILE_PREFIX_HEADER = YES;
				GCC_PREFIX_HEADER = "CrossCoverv2/CrossCoverv2-Prefix.pch";
				INFOPLIST_FILE = "CrossCoverv2Tests/CrossCoverv2Tests-Info.plist";
				PRODUCT_NAME = "$(TARGET_NAME)";
				TEST_HOST = "$(BUNDLE_LOADER)";
				WRAPPER_EXTENSION = xctest;
			};
			name = Release;
		};
/* End XCBuildConfiguration section */

/* Begin XCConfigurationList section */
		476654DF18FB02E700D994B1 /* Build configuration list for PBXProject "CrossCoverv2" */ = {
			isa = XCConfigurationList;
			buildConfigurations = (
				4766551418FB02E700D994B1 /* Debug */,
				4766551518FB02E700D994B1 /* Release */,
			);
			defaultConfigurationIsVisible = 0;
			defaultConfigurationName = Release;
		};
		4766551618FB02E700D994B1 /* Build configuration list for PBXNativeTarget "CrossCoverv2" */ = {
			isa = XCConfigurationList;
			buildConfigurations = (
				4766551718FB02E700D994B1 /* Debug */,
				4766551818FB02E700D994B1 /* Release */,
			);
			defaultConfigurationIsVisible = 0;
			defaultConfigurationName = Release;
		};
		4766551918FB02E700D994B1 /* Build configuration list for PBXNativeTarget "CrossCoverv2Tests" */ = {
			isa = XCConfigurationList;
			buildConfigurations = (
				4766551A18FB02E700D994B1 /* Debug */,
				4766551B18FB02E700D994B1 /* Release */,
			);
			defaultConfigurationIsVisible = 0;
			defaultConfigurationName = Release;
		};
/* End XCConfigurationList section */
	};
	rootObject = 476654DC18FB02E700D994B1 /* Project object */;
}
